
Microsoft Visual Studio Solution File, Format Version 11.00
# Visual Studio 2010
Project("{FAE04EC0-301F-11D3-BF4B-00C04F79EFBC}") = "mvc-training", "mvc-training\mvc-training.csproj", "{7D0B16E5-E030-4FE7-B593-2864308CEBFE}"
EndProject
Global
	GlobalSection(SolutionConfigurationPlatforms) = preSolution
		Debug|Any CPU = Debug|Any CPU
		Release|Any CPU = Release|Any CPU
	EndGlobalSection
	GlobalSection(ProjectConfigurationPlatforms) = postSolution
		{7D0B16E5-E030-4FE7-B593-2864308CEBFE}.Debug|Any CPU.ActiveCfg = Debug|Any CPU
		{7D0B16E5-E030-4FE7-B593-2864308CEBFE}.Debug|Any CPU.Build.0 = Debug|Any CPU
		{7D0B16E5-E030-4FE7-B593-2864308CEBFE}.Release|Any CPU.ActiveCfg = Release|Any CPU
		{7D0B16E5-E030-4FE7-B593-2864308CEBFE}.Release|Any CPU.Build.0 = Release|Any CPU
	EndGlobalSection
	GlobalSection(SolutionProperties) = preSolution
		HideSolutionNode = FALSE
	EndGlobalSection
EndGlobal
